
Microsoft Visual Studio Solution File, Format Version 12.00
# Visual Studio Version 16
VisualStudioVersion = 16.0.30907.101
MinimumVisualStudioVersion = 10.0.40219.1
Project("{FAE04EC0-301F-11D3-BF4B-00C04F79EFBC}") = "SwaggerUI_AuthorizationCodeFlow", "SwaggerUI_AuthorizationCodeFlow\SwaggerUI_AuthorizationCodeFlow.csproj", "{FC894E63-8580-4E92-B26E-05C9C0748CA9}"
EndProject
Global
	GlobalSection(SolutionConfigurationPlatforms) = preSolution
		Debug|Any CPU = Debug|Any CPU
		Release|Any CPU = Release|Any CPU
	EndGlobalSection
	GlobalSection(ProjectConfigurationPlatforms) = postSolution
		{FC894E63-8580-4E92-B26E-05C9C0748CA9}.Debug|Any CPU.ActiveCfg = Debug|Any CPU
		{FC894E63-8580-4E92-B26E-05C9C0748CA9}.Debug|Any CPU.Build.0 = Debug|Any CPU
		{FC894E63-8580-4E92-B26E-05C9C0748CA9}.Release|Any CPU.ActiveCfg = Release|Any CPU
		{FC894E63-8580-4E92-B26E-05C9C0748CA9}.Release|Any CPU.Build.0 = Release|Any CPU
	EndGlobalSection
	GlobalSection(SolutionProperties) = preSolution
		HideSolutionNode = FALSE
	EndGlobalSection
	GlobalSection(ExtensibilityGlobals) = postSolution
		SolutionGuid = {9E4F395C-A287-4EF0-9CF7-F407C8286F2A}
	EndGlobalSection
EndGlobal
